{
    "_meta": {
        "hash": {
            "sha256": "4557d73d7cfacf250066e4c8823bc139dade395bfc96b9051df7f780c3e6c696"
        },
        "pipfile-spec": 1,
        "requires": {
            "python_version": "3.6"
        },
        "sources": [
            {
                "url": "https://pypi.python.org/simple",
                "verify_ssl": true
            }
        ]
    },
    "default": {
        "dj-database-url": {
            "version": "==0.4.2"
        },
        "django": {
            "version": "==2.0.2"
        },
        "django-heroku": {
            "version": "==0.2.0"
        },
        "gunicorn": {
            "version": "==19.7.1"
        },
        "psycopg2": {
            "version": "==2.7.4"
        },
        "pytz": {
            "version": "==2018.3"
        },
        "whitenoise": {
            "version": "==3.3.1"
        }
    },
    "develop": {}
}
